
Microsoft Visual Studio Solution File, Format Version 12.00
# Visual Studio 15
VisualStudioVersion = 15.0.28307.1300
MinimumVisualStudioVersion = 10.0.40219.1
Project("{FAE04EC0-301F-11D3-BF4B-00C04F79EFBC}") = "DemoWindowServiceScheduler", "DemoWindowServiceScheduler\DemoWindowServiceScheduler.csproj", "{D427BC15-85A5-422B-8B3B-F8584C655F46}"
EndProject
Global
	GlobalSection(SolutionConfigurationPlatforms) = preSolution
		Debug|Any CPU = Debug|Any CPU
		Release|Any CPU = Release|Any CPU
	EndGlobalSection
	GlobalSection(ProjectConfigurationPlatforms) = postSolution
		{D427BC15-85A5-422B-8B3B-F8584C655F46}.Debug|Any CPU.ActiveCfg = Debug|Any CPU
		{D427BC15-85A5-422B-8B3B-F8584C655F46}.Debug|Any CPU.Build.0 = Debug|Any CPU
		{D427BC15-85A5-422B-8B3B-F8584C655F46}.Release|Any CPU.ActiveCfg = Release|Any CPU
		{D427BC15-85A5-422B-8B3B-F8584C655F46}.Release|Any CPU.Build.0 = Release|Any CPU
	EndGlobalSection
	GlobalSection(SolutionProperties) = preSolution
		HideSolutionNode = FALSE
	EndGlobalSection
	GlobalSection(ExtensibilityGlobals) = postSolution
		SolutionGuid = {5E3AA324-6BB7-4E5B-8095-7BDC9AD9AF8F}
	EndGlobalSection
EndGlobal
